
Microsoft Visual Studio Solution File, Format Version 12.00
# Visual Studio Version 16
VisualStudioVersion = 16.0.30011.22
MinimumVisualStudioVersion = 10.0.40219.1
Project("{FAE04EC0-301F-11D3-BF4B-00C04F79EFBC}") = "SEDC.DataTypesAndBranching", "SEDC.DataTypesAndBranching\SEDC.DataTypesAndBranching.csproj", "{1E6B0C54-E4F8-4765-B6A5-F5DDB16EFFB1}"
EndProject
Project("{FAE04EC0-301F-11D3-BF4B-00C04F79EFBC}") = "SEDC.GenercCollectionsAndLoops", "SEDC.GenercCollectionsAndLoops\SEDC.GenercCollectionsAndLoops.csproj", "{46761908-CAEA-44FA-B943-C8EECE06FD5B}"
EndProject
Project("{FAE04EC0-301F-11D3-BF4B-00C04F79EFBC}") = "SEDC.WorkingWithStringsAndDateTime", "SEDC.WorkingWithStringsAndDateTime\SEDC.WorkingWithStringsAndDateTime.csproj", "{1E098010-7DEF-4D58-ABAD-92D3BBF5FFA1}"
EndProject
Global
	GlobalSection(SolutionConfigurationPlatforms) = preSolution
		Debug|Any CPU = Debug|Any CPU
		Release|Any CPU = Release|Any CPU
	EndGlobalSection
	GlobalSection(ProjectConfigurationPlatforms) = postSolution
		{1E6B0C54-E4F8-4765-B6A5-F5DDB16EFFB1}.Debug|Any CPU.ActiveCfg = Debug|Any CPU
		{1E6B0C54-E4F8-4765-B6A5-F5DDB16EFFB1}.Debug|Any CPU.Build.0 = Debug|Any CPU
		{1E6B0C54-E4F8-4765-B6A5-F5DDB16EFFB1}.Release|Any CPU.ActiveCfg = Release|Any CPU
		{1E6B0C54-E4F8-4765-B6A5-F5DDB16EFFB1}.Release|Any CPU.Build.0 = Release|Any CPU
		{46761908-CAEA-44FA-B943-C8EECE06FD5B}.Debug|Any CPU.ActiveCfg = Debug|Any CPU
		{46761908-CAEA-44FA-B943-C8EECE06FD5B}.Debug|Any CPU.Build.0 = Debug|Any CPU
		{46761908-CAEA-44FA-B943-C8EECE06FD5B}.Release|Any CPU.ActiveCfg = Release|Any CPU
		{46761908-CAEA-44FA-B943-C8EECE06FD5B}.Release|Any CPU.Build.0 = Release|Any CPU
		{1E098010-7DEF-4D58-ABAD-92D3BBF5FFA1}.Debug|Any CPU.ActiveCfg = Debug|Any CPU
		{1E098010-7DEF-4D58-ABAD-92D3BBF5FFA1}.Debug|Any CPU.Build.0 = Debug|Any CPU
		{1E098010-7DEF-4D58-ABAD-92D3BBF5FFA1}.Release|Any CPU.ActiveCfg = Release|Any CPU
		{1E098010-7DEF-4D58-ABAD-92D3BBF5FFA1}.Release|Any CPU.Build.0 = Release|Any CPU
	EndGlobalSection
	GlobalSection(SolutionProperties) = preSolution
		HideSolutionNode = FALSE
	EndGlobalSection
	GlobalSection(ExtensibilityGlobals) = postSolution
		SolutionGuid = {651AF234-F9F8-4E27-9DA7-FF61819E2598}
	EndGlobalSection
EndGlobal
